Microsoft Visual Studio Solution File, Format Version 11.00
# Visual Studio 2008

Project("{3093363F-6E03-1E51-98C6-ABF7BD907E89}") = "BossWars", "Assembly-CSharp.csproj", "{40FBB43D-D55A-9D21-2BE2-2E54F2ACD581}"
EndProject
Project("{3093363F-6E03-1E51-98C6-ABF7BD907E89}") = "BossWars", "Assembly-CSharp-Editor.csproj", "{F9E3753E-4CFF-06FB-E669-D691EB92D2B5}"
EndProject
Global
	GlobalSection(SolutionConfigurationPlatforms) = preSolution
		Debug|Any CPU = Debug|Any CPU
		Release|Any CPU = Release|Any CPU
	EndGlobalSection
	GlobalSection(ProjectConfigurationPlatforms) = postSolution
		{40FBB43D-D55A-9D21-2BE2-2E54F2ACD581}.Debug|Any CPU.ActiveCfg = Debug|Any CPU
		{40FBB43D-D55A-9D21-2BE2-2E54F2ACD581}.Debug|Any CPU.Build.0 = Debug|Any CPU
		{40FBB43D-D55A-9D21-2BE2-2E54F2ACD581}.Release|Any CPU.ActiveCfg = Release|Any CPU
		{40FBB43D-D55A-9D21-2BE2-2E54F2ACD581}.Release|Any CPU.Build.0 = Release|Any CPU
		{F9E3753E-4CFF-06FB-E669-D691EB92D2B5}.Debug|Any CPU.ActiveCfg = Debug|Any CPU
		{F9E3753E-4CFF-06FB-E669-D691EB92D2B5}.Debug|Any CPU.Build.0 = Debug|Any CPU
		{F9E3753E-4CFF-06FB-E669-D691EB92D2B5}.Release|Any CPU.ActiveCfg = Release|Any CPU
		{F9E3753E-4CFF-06FB-E669-D691EB92D2B5}.Release|Any CPU.Build.0 = Release|Any CPU
	EndGlobalSection
	GlobalSection(SolutionProperties) = preSolution
		HideSolutionNode = FALSE
	EndGlobalSection
								GlobalSection(MonoDevelopProperties) = preSolution
		StartupItem = Assembly-CSharp.csproj
		Policies = $0
		$0.TextStylePolicy = $1
		$1.inheritsSet = null
		$1.scope = text/x-csharp
		$0.CSharpFormattingPolicy = $2
		$2.inheritsSet = Mono
		$2.inheritsScope = text/x-csharp
		$2.scope = text/x-csharp
		$0.TextStylePolicy = $3
		$3.FileWidth = 120
		$3.TabWidth = 4
		$3.IndentWidth = 4
		$3.EolMarker = Unix
		$3.inheritsSet = Mono
		$3.inheritsScope = text/plain
		$3.scope = text/plain
	EndGlobalSection
EndGlobal
